// !$*UTF8*$!
{
	archiveVersion = 1;
	classes = {
	};
	objectVersion = 46;
	objects = {

/* Begin PBXBuildFile section */
		372C285516025399005DD8D0 /* Cocoa.framework in Frameworks */ = {isa = PBXBuildFile; fileRef = 372C285416025399005DD8D0 /* Cocoa.framework */; };
		372C285F1602539A005DD8D0 /* InfoPlist.strings in Resources */ = {isa = PBXBuildFile; fileRef = 372C285D1602539A005DD8D0 /* InfoPlist.strings */; };
		372C28611602539A005DD8D0 /* main.m in Sources */ = {isa = PBXBuildFile; fileRef = 372C28601602539A005DD8D0 /* main.m */; settings = {COMPILER_FLAGS = "-fno-objc-arc"; }; };
		372C28651602539A005DD8D0 /* Credits.rtf in Resources */ = {isa = PBXBuildFile; fileRef = 372C28631602539A005DD8D0 /* Credits.rtf */; };
		372C28681602539A005DD8D0 /* DFAppDelegate.m in Sources */ = {isa = PBXBuildFile; fileRef = 372C28671602539A005DD8D0 /* DFAppDelegate.m */; settings = {COMPILER_FLAGS = "-fno-objc-arc"; }; };
		372C286B1602539A005DD8D0 /* MainMenu.xib in Resources */ = {isa = PBXBuildFile; fileRef = 372C28691602539A005DD8D0 /* MainMenu.xib */; };
		372C288C160254C2005DD8D0 /* libssh2.a in Frameworks */ = {isa = PBXBuildFile; fileRef = 372C287E160254C2005DD8D0 /* libssh2.a */; };
		372C289216025760005DD8D0 /* DFSSHConnectionType.m in Sources */ = {isa = PBXBuildFile; fileRef = 372C2872160253B3005DD8D0 /* DFSSHConnectionType.m */; };
		372C289316025760005DD8D0 /* DFSSHConnector.m in Sources */ = {isa = PBXBuildFile; fileRef = 372C2874160253B3005DD8D0 /* DFSSHConnector.m */; };
		372C289416025760005DD8D0 /* DFSSHOperator.m in Sources */ = {isa = PBXBuildFile; fileRef = 372C2876160253B3005DD8D0 /* DFSSHOperator.m */; };
		372C289516025760005DD8D0 /* DFSSHServer.m in Sources */ = {isa = PBXBuildFile; fileRef = 372C2878160253B3005DD8D0 /* DFSSHServer.m */; };
		372C289F160258AE005DD8D0 /* libcrypto.dylib in Frameworks */ = {isa = PBXBuildFile; fileRef = 372C289E160258AE005DD8D0 /* libcrypto.dylib */; };
		372C28A1160258B6005DD8D0 /* libz.dylib in Frameworks */ = {isa = PBXBuildFile; fileRef = 372C28A0160258B6005DD8D0 /* libz.dylib */; };
/* End PBXBuildFile section */

/* Begin PBXFileReference section */
		372C285016025399005DD8D0 /* DFSSHWrapper.app */ = {isa = PBXFileReference; explicitFileType = wrapper.application; includeInIndex = 0; path = DFSSHWrapper.app; sourceTree = BUILT_PRODUCTS_DIR; };
		372C285416025399005DD8D0 /* Cocoa.framework */ = {isa = PBXFileReference; lastKnownFileType = wrapper.framework; name = Cocoa.framework; path = System/Library/Frameworks/Cocoa.framework; sourceTree = SDKROOT; };
		372C285716025399005DD8D0 /* AppKit.framework */ = {isa = PBXFileReference; lastKnownFileType = wrapper.framework; name = AppKit.framework; path = System/Library/Frameworks/AppKit.framework; sourceTree = SDKROOT; };
		372C285816025399005DD8D0 /* CoreData.framework */ = {isa = PBXFileReference; lastKnownFileType = wrapper.framework; name = CoreData.framework; path = System/Library/Frameworks/CoreData.framework; sourceTree = SDKROOT; };
		372C285916025399005DD8D0 /* Foundation.framework */ = {isa = PBXFileReference; lastKnownFileType = wrapper.framework; name = Foundation.framework; path = System/Library/Frameworks/Foundation.framework; sourceTree = SDKROOT; };
		372C285C16025399005DD8D0 /* DFSSHWrapper-Info.plist */ = {isa = PBXFileReference; lastKnownFileType = text.plist.xml; path = "DFSSHWrapper-Info.plist"; sourceTree = "<group>"; };
		372C285E1602539A005DD8D0 /* en */ = {isa = PBXFileReference; lastKnownFileType = text.plist.strings; name = en; path = en.lproj/InfoPlist.strings; sourceTree = "<group>"; };
		372C28601602539A005DD8D0 /* main.m */ = {isa = PBXFileReference; lastKnownFileType = sourcecode.c.objc; path = main.m; sourceTree = "<group>"; };
		372C28621602539A005DD8D0 /* DFSSHWrapper-Prefix.pch */ = {isa = PBXFileReference; lastKnownFileType = sourcecode.c.h; path = "DFSSHWrapper-Prefix.pch"; sourceTree = "<group>"; };
		372C28641602539A005DD8D0 /* en */ = {isa = PBXFileReference; lastKnownFileType = text.rtf; name = en; path = en.lproj/Credits.rtf; sourceTree = "<group>"; };
		372C28661602539A005DD8D0 /* DFAppDelegate.h */ = {isa = PBXFileReference; lastKnownFileType = sourcecode.c.h; path = DFAppDelegate.h; sourceTree = "<group>"; };
		372C28671602539A005DD8D0 /* DFAppDelegate.m */ = {isa = PBXFileReference; lastKnownFileType = sourcecode.c.objc; path = DFAppDelegate.m; sourceTree = "<group>"; };
		372C286A1602539A005DD8D0 /* en */ = {isa = PBXFileReference; lastKnownFileType = file.xib; name = en; path = en.lproj/MainMenu.xib; sourceTree = "<group>"; };
		372C2871160253B3005DD8D0 /* DFSSHConnectionType.h */ = {isa = PBXFileReference; lastKnownFileType = sourcecode.c.h; path = DFSSHConnectionType.h; sourceTree = "<group>"; };
		372C2872160253B3005DD8D0 /* DFSSHConnectionType.m */ = {isa = PBXFileReference; lastKnownFileType = sourcecode.c.objc; path = DFSSHConnectionType.m; sourceTree = "<group>"; };
		372C2873160253B3005DD8D0 /* DFSSHConnector.h */ = {isa = PBXFileReference; lastKnownFileType = sourcecode.c.h; path = DFSSHConnector.h; sourceTree = "<group>"; };
		372C2874160253B3005DD8D0 /* DFSSHConnector.m */ = {isa = PBXFileReference; lastKnownFileType = sourcecode.c.objc; path = DFSSHConnector.m; sourceTree = "<group>"; };
		372C2876160253B3005DD8D0 /* DFSSHOperator.m */ = {isa = PBXFileReference; lastKnownFileType = sourcecode.c.objc; path = DFSSHOperator.m; sourceTree = "<group>"; };
		372C2877160253B3005DD8D0 /* DFSSHServer.h */ = {isa = PBXFileReference; lastKnownFileType = sourcecode.c.h; path = DFSSHServer.h; sourceTree = "<group>"; };
		372C2878160253B3005DD8D0 /* DFSSHServer.m */ = {isa = PBXFileReference; lastKnownFileType = sourcecode.c.objc; path = DFSSHServer.m; sourceTree = "<group>"; };
		372C287A160254C2005DD8D0 /* channel.h */ = {isa = PBXFileReference; fileEncoding = 4; lastKnownFileType = sourcecode.c.h; path = channel.h; sourceTree = "<group>"; };
		372C287B160254C2005DD8D0 /* comp.h */ = {isa = PBXFileReference; fileEncoding = 4; lastKnownFileType = sourcecode.c.h; path = comp.h; sourceTree = "<group>"; };
		372C287C160254C2005DD8D0 /* crypto.h */ = {isa = PBXFileReference; fileEncoding = 4; lastKnownFileType = sourcecode.c.h; path = crypto.h; sourceTree = "<group>"; };
		372C287D160254C2005DD8D0 /* libgcrypt.h */ = {isa = PBXFileReference; fileEncoding = 4; lastKnownFileType = sourcecode.c.h; path = libgcrypt.h; sourceTree = "<group>"; };
		372C287E160254C2005DD8D0 /* libssh2.a */ = {isa = PBXFileReference; lastKnownFileType = archive.ar; path = libssh2.a; sourceTree = "<group>"; };
		372C287F160254C2005DD8D0 /* libssh2.h */ = {isa = PBXFileReference; fileEncoding = 4; lastKnownFileType = sourcecode.c.h; path = libssh2.h; sourceTree = "<group>"; };
		372C2880160254C2005DD8D0 /* libssh2_config.h */ = {isa = PBXFileReference; fileEncoding = 4; lastKnownFileType = sourcecode.c.h; path = libssh2_config.h; sourceTree = "<group>"; };
		372C2881160254C2005DD8D0 /* libssh2_priv.h */ = {isa = PBXFileReference; fileEncoding = 4; lastKnownFileType = sourcecode.c.h; path = libssh2_priv.h; sourceTree = "<group>"; };
		372C2882160254C2005DD8D0 /* libssh2_publickey.h */ = {isa = PBXFileReference; fileEncoding = 4; lastKnownFileType = sourcecode.c.h; path = libssh2_publickey.h; sourceTree = "<group>"; };
		372C2883160254C2005DD8D0 /* libssh2_sftp.h */ = {isa = PBXFileReference; fileEncoding = 4; lastKnownFileType = sourcecode.c.h; path = libssh2_sftp.h; sourceTree = "<group>"; };
		372C2884160254C2005DD8D0 /* mac.h */ = {isa = PBXFileReference; fileEncoding = 4; lastKnownFileType = sourcecode.c.h; path = mac.h; sourceTree = "<group>"; };
		372C2885160254C2005DD8D0 /* misc.h */ = {isa = PBXFileReference; fileEncoding = 4; lastKnownFileType = sourcecode.c.h; path = misc.h; sourceTree = "<group>"; };
		372C2886160254C2005DD8D0 /* openssl.h */ = {isa = PBXFileReference; fileEncoding = 4; lastKnownFileType = sourcecode.c.h; path = openssl.h; sourceTree = "<group>"; };
		372C2887160254C2005DD8D0 /* packet.h */ = {isa = PBXFileReference; fileEncoding = 4; lastKnownFileType = sourcecode.c.h; path = packet.h; sourceTree = "<group>"; };
		372C2888160254C2005DD8D0 /* session.h */ = {isa = PBXFileReference; fileEncoding = 4; lastKnownFileType = sourcecode.c.h; path = session.h; sourceTree = "<group>"; };
		372C2889160254C2005DD8D0 /* sftp.h */ = {isa = PBXFileReference; fileEncoding = 4; lastKnownFileType = sourcecode.c.h; path = sftp.h; sourceTree = "<group>"; };
		372C288A160254C2005DD8D0 /* transport.h */ = {isa = PBXFileReference; fileEncoding = 4; lastKnownFileType = sourcecode.c.h; path = transport.h; sourceTree = "<group>"; };
		372C288B160254C2005DD8D0 /* userauth.h */ = {isa = PBXFileReference; fileEncoding = 4; lastKnownFileType = sourcecode.c.h; path = userauth.h; sourceTree = "<group>"; };
		372C28911602563C005DD8D0 /* DFSSHOperator.h */ = {isa = PBXFileReference; lastKnownFileType = sourcecode.c.h; path = DFSSHOperator.h; sourceTree = "<group>"; };
		372C289E160258AE005DD8D0 /* libcrypto.dylib */ = {isa = PBXFileReference; lastKnownFileType = "compiled.mach-o.dylib"; name = libcrypto.dylib; path = usr/lib/libcrypto.dylib; sourceTree = SDKROOT; };
		372C28A0160258B6005DD8D0 /* libz.dylib */ = {isa = PBXFileReference; lastKnownFileType = "compiled.mach-o.dylib"; name = libz.dylib; path = usr/lib/libz.dylib; sourceTree = SDKROOT; };
/* End PBXFileReference section */

/* Begin PBXFrameworksBuildPhase section */
		372C284D16025399005DD8D0 /* Frameworks */ = {
			isa = PBXFrameworksBuildPhase;
			buildActionMask = 2147483647;
			files = (
				372C28A1160258B6005DD8D0 /* libz.dylib in Frameworks */,
				372C289F160258AE005DD8D0 /* libcrypto.dylib in Frameworks */,
				372C285516025399005DD8D0 /* Cocoa.framework in Frameworks */,
				372C288C160254C2005DD8D0 /* libssh2.a in Frameworks */,
			);
			runOnlyForDeploymentPostprocessing = 0;
		};
/* End PBXFrameworksBuildPhase section */

/* Begin PBXGroup section */
		372C284516025399005DD8D0 = {
			isa = PBXGroup;
			children = (
				372C28A0160258B6005DD8D0 /* libz.dylib */,
				372C289E160258AE005DD8D0 /* libcrypto.dylib */,
				372C285A16025399005DD8D0 /* DFSSHWrapper */,
				372C285316025399005DD8D0 /* Frameworks */,
				372C285116025399005DD8D0 /* Products */,
			);
			sourceTree = "<group>";
		};
		372C285116025399005DD8D0 /* Products */ = {
			isa = PBXGroup;
			children = (
				372C285016025399005DD8D0 /* DFSSHWrapper.app */,
			);
			name = Products;
			sourceTree = "<group>";
		};
		372C285316025399005DD8D0 /* Frameworks */ = {
			isa = PBXGroup;
			children = (
				372C285416025399005DD8D0 /* Cocoa.framework */,
				372C285616025399005DD8D0 /* Other Frameworks */,
			);
			name = Frameworks;
			sourceTree = "<group>";
		};
		372C285616025399005DD8D0 /* Other Frameworks */ = {
			isa = PBXGroup;
			children = (
				372C285716025399005DD8D0 /* AppKit.framework */,
				372C285816025399005DD8D0 /* CoreData.framework */,
				372C285916025399005DD8D0 /* Foundation.framework */,
			);
			name = "Other Frameworks";
			sourceTree = "<group>";
		};
		372C285A16025399005DD8D0 /* DFSSHWrapper */ = {
			isa = PBXGroup;
			children = (
				372C2879160254C2005DD8D0 /* Headers */,
				372C2871160253B3005DD8D0 /* DFSSHConnectionType.h */,
				372C2872160253B3005DD8D0 /* DFSSHConnectionType.m */,
				372C2873160253B3005DD8D0 /* DFSSHConnector.h */,
				372C2874160253B3005DD8D0 /* DFSSHConnector.m */,
				372C28911602563C005DD8D0 /* DFSSHOperator.h */,
				372C2876160253B3005DD8D0 /* DFSSHOperator.m */,
				372C2877160253B3005DD8D0 /* DFSSHServer.h */,
				372C2878160253B3005DD8D0 /* DFSSHServer.m */,
				372C28661602539A005DD8D0 /* DFAppDelegate.h */,
				372C28671602539A005DD8D0 /* DFAppDelegate.m */,
				372C28691602539A005DD8D0 /* MainMenu.xib */,
				372C285B16025399005DD8D0 /* Supporting Files */,
			);
			path = DFSSHWrapper;
			sourceTree = "<group>";
		};
		372C285B16025399005DD8D0 /* Supporting Files */ = {
			isa = PBXGroup;
			children = (
				372C285C16025399005DD8D0 /* DFSSHWrapper-Info.plist */,
				372C285D1602539A005DD8D0 /* InfoPlist.strings */,
				372C28601602539A005DD8D0 /* main.m */,
				372C28621602539A005DD8D0 /* DFSSHWrapper-Prefix.pch */,
				372C28631602539A005DD8D0 /* Credits.rtf */,
			);
			name = "Supporting Files";
			sourceTree = "<group>";
		};
		372C2879160254C2005DD8D0 /* Headers */ = {
			isa = PBXGroup;
			children = (
				372C287A160254C2005DD8D0 /* channel.h */,
				372C287B160254C2005DD8D0 /* comp.h */,
				372C287C160254C2005DD8D0 /* crypto.h */,
				372C287D160254C2005DD8D0 /* libgcrypt.h */,
				372C287E160254C2005DD8D0 /* libssh2.a */,
				372C287F160254C2005DD8D0 /* libssh2.h */,
				372C2880160254C2005DD8D0 /* libssh2_config.h */,
				372C2881160254C2005DD8D0 /* libssh2_priv.h */,
				372C2882160254C2005DD8D0 /* libssh2_publickey.h */,
				372C2883160254C2005DD8D0 /* libssh2_sftp.h */,
				372C2884160254C2005DD8D0 /* mac.h */,
				372C2885160254C2005DD8D0 /* misc.h */,
				372C2886160254C2005DD8D0 /* openssl.h */,
				372C2887160254C2005DD8D0 /* packet.h */,
				372C2888160254C2005DD8D0 /* session.h */,
				372C2889160254C2005DD8D0 /* sftp.h */,
				372C288A160254C2005DD8D0 /* transport.h */,
				372C288B160254C2005DD8D0 /* userauth.h */,
			);
			path = Headers;
			sourceTree = "<group>";
		};
/* End PBXGroup section */

/* Begin PBXNativeTarget section */
		372C284F16025399005DD8D0 /* DFSSHWrapper */ = {
			isa = PBXNativeTarget;
			buildConfigurationList = 372C286E1602539A005DD8D0 /* Build configuration list for PBXNativeTarget "DFSSHWrapper" */;
			buildPhases = (
				372C284C16025399005DD8D0 /* Sources */,
				372C284D16025399005DD8D0 /* Frameworks */,
				372C284E16025399005DD8D0 /* Resources */,
			);
			buildRules = (
			);
			dependencies = (
			);
			name = DFSSHWrapper;
			productName = DFSSHWrapper;
			productReference = 372C285016025399005DD8D0 /* DFSSHWrapper.app */;
			productType = "com.apple.product-type.application";
		};
/* End PBXNativeTarget section */

/* Begin PBXProject section */
		372C284716025399005DD8D0 /* Project object */ = {
			isa = PBXProject;
			attributes = {
				CLASSPREFIX = DF;
				LastUpgradeCheck = 0440;
				ORGANIZATIONNAME = dan;
			};
			buildConfigurationList = 372C284A16025399005DD8D0 /* Build configuration list for PBXProject "DFSSHWrapper" */;
			compatibilityVersion = "Xcode 3.2";
			developmentRegion = English;
			hasScannedForEncodings = 0;
			knownRegions = (
				en,
			);
			mainGroup = 372C284516025399005DD8D0;
			productRefGroup = 372C285116025399005DD8D0 /* Products */;
			projectDirPath = "";
			projectRoot = "";
			targets = (
				372C284F16025399005DD8D0 /* DFSSHWrapper */,
			);
		};
/* End PBXProject section */

/* Begin PBXResourcesBuildPhase section */
		372C284E16025399005DD8D0 /* Resources */ = {
			isa = PBXResourcesBuildPhase;
			buildActionMask = 2147483647;
			files = (
				372C285F1602539A005DD8D0 /* InfoPlist.strings in Resources */,
				372C28651602539A005DD8D0 /* Credits.rtf in Resources */,
				372C286B1602539A005DD8D0 /* MainMenu.xib in Resources */,
			);
			runOnlyForDeploymentPostprocessing = 0;
		};
/* End PBXResourcesBuildPhase section */

/* Begin PBXSourcesBuildPhase section */
		372C284C16025399005DD8D0 /* Sources */ = {
			isa = PBXSourcesBuildPhase;
			buildActionMask = 2147483647;
			files = (
				372C289216025760005DD8D0 /* DFSSHConnectionType.m in Sources */,
				372C289316025760005DD8D0 /* DFSSHConnector.m in Sources */,
				372C289416025760005DD8D0 /* DFSSHOperator.m in Sources */,
				372C289516025760005DD8D0 /* DFSSHServer.m in Sources */,
				372C28611602539A005DD8D0 /* main.m in Sources */,
				372C28681602539A005DD8D0 /* DFAppDelegate.m in Sources */,
			);
			runOnlyForDeploymentPostprocessing = 0;
		};
/* End PBXSourcesBuildPhase section */

/* Begin PBXVariantGroup section */
		372C285D1602539A005DD8D0 /* InfoPlist.strings */ = {
			isa = PBXVariantGroup;
			children = (
				372C285E1602539A005DD8D0 /* en */,
			);
			name = InfoPlist.strings;
			sourceTree = "<group>";
		};
		372C28631602539A005DD8D0 /* Credits.rtf */ = {
			isa = PBXVariantGroup;
			children = (
				372C28641602539A005DD8D0 /* en */,
			);
			name = Credits.rtf;
			sourceTree = "<group>";
		};
		372C28691602539A005DD8D0 /* MainMenu.xib */ = {
			isa = PBXVariantGroup;
			children = (
				372C286A1602539A005DD8D0 /* en */,
			);
			name = MainMenu.xib;
			sourceTree = "<group>";
		};
/* End PBXVariantGroup section */

/* Begin XCBuildConfiguration section */
		372C286C1602539A005DD8D0 /* Debug */ = {
			isa = XCBuildConfiguration;
			buildSettings = {
				ALWAYS_SEARCH_USER_PATHS = NO;
				ARCHS = "$(ARCHS_STANDARD_64_BIT)";
				CLANG_CXX_LANGUAGE_STANDARD = "gnu++0x";
				CLANG_ENABLE_OBJC_ARC = YES;
				CLANG_WARN__DUPLICATE_METHOD_MATCH = YES;
				COPY_PHASE_STRIP = NO;
				GCC_C_LANGUAGE_STANDARD = gnu99;
				GCC_DYNAMIC_NO_PIC = NO;
				GCC_ENABLE_OBJC_EXCEPTIONS = YES;
				GCC_OPTIMIZATION_LEVEL = 0;
				GCC_PREPROCESSOR_DEFINITIONS = (
					"DEBUG=1",
					"$(inherited)",
				);
				GCC_SYMBOLS_PRIVATE_EXTERN = NO;
				GCC_WARN_64_TO_32_BIT_CONVERSION = YES;
				GCC_WARN_ABOUT_RETURN_TYPE = YES;
				GCC_WARN_UNINITIALIZED_AUTOS = YES;
				GCC_WARN_UNUSED_VARIABLE = YES;
				MACOSX_DEPLOYMENT_TARGET = 10.8;
				ONLY_ACTIVE_ARCH = YES;
				SDKROOT = macosx;
			};
			name = Debug;
		};
		372C286D1602539A005DD8D0 /* Release */ = {
			isa = XCBuildConfiguration;
			buildSettings = {
				ALWAYS_SEARCH_USER_PATHS = NO;
				ARCHS = "$(ARCHS_STANDARD_64_BIT)";
				CLANG_CXX_LANGUAGE_STANDARD = "gnu++0x";
				CLANG_ENABLE_OBJC_ARC = YES;
				CLANG_WARN__DUPLICATE_METHOD_MATCH = YES;
				COPY_PHASE_STRIP = YES;
				DEBUG_INFORMATION_FORMAT = "dwarf-with-dsym";
				GCC_C_LANGUAGE_STANDARD = gnu99;
				GCC_ENABLE_OBJC_EXCEPTIONS = YES;
				GCC_WARN_64_TO_32_BIT_CONVERSION = YES;
				GCC_WARN_ABOUT_RETURN_TYPE = YES;
				GCC_WARN_UNINITIALIZED_AUTOS = YES;
				GCC_WARN_UNUSED_VARIABLE = YES;
				MACOSX_DEPLOYMENT_TARGET = 10.8;
				SDKROOT = macosx;
			};
			name = Release;
		};
		372C286F1602539A005DD8D0 /* Debug */ = {
			isa = XCBuildConfiguration;
			buildSettings = {
				ARCHS = "$(ARCHS_STANDARD_64_BIT)";
				CLANG_ENABLE_OBJC_ARC = YES;
				COMBINE_HIDPI_IMAGES = YES;
				GCC_PRECOMPILE_PREFIX_HEADER = YES;
				GCC_PREFIX_HEADER = "DFSSHWrapper/DFSSHWrapper-Prefix.pch";
				INFOPLIST_FILE = "DFSSHWrapper/DFSSHWrapper-Info.plist";
				LIBRARY_SEARCH_PATHS = (
					"$(inherited)",
					"\"$(SRCROOT)/DFSSHWrapper/Headers\"",
				);
				PRODUCT_NAME = "$(TARGET_NAME)";
				WRAPPER_EXTENSION = app;
			};
			name = Debug;
		};
		372C28701602539A005DD8D0 /* Release */ = {
			isa = XCBuildConfiguration;
			buildSettings = {
				ARCHS = "$(ARCHS_STANDARD_64_BIT)";
				CLANG_ENABLE_OBJC_ARC = YES;
				COMBINE_HIDPI_IMAGES = YES;
				GCC_PRECOMPILE_PREFIX_HEADER = YES;
				GCC_PREFIX_HEADER = "DFSSHWrapper/DFSSHWrapper-Prefix.pch";
				INFOPLIST_FILE = "DFSSHWrapper/DFSSHWrapper-Info.plist";
				LIBRARY_SEARCH_PATHS = (
					"$(inherited)",
					"\"$(SRCROOT)/DFSSHWrapper/Headers\"",
				);
				PRODUCT_NAME = "$(TARGET_NAME)";
				WRAPPER_EXTENSION = app;
			};
			name = Release;
		};
/* End XCBuildConfiguration section */

/* Begin XCConfigurationList section */
		372C284A16025399005DD8D0 /* Build configuration list for PBXProject "DFSSHWrapper" */ = {
			isa = XCConfigurationList;
			buildConfigurations = (
				372C286C1602539A005DD8D0 /* Debug */,
				372C286D1602539A005DD8D0 /* Release */,
			);
			defaultConfigurationIsVisible = 0;
			defaultConfigurationName = Release;
		};
		372C286E1602539A005DD8D0 /* Build configuration list for PBXNativeTarget "DFSSHWrapper" */ = {
			isa = XCConfigurationList;
			buildConfigurations = (
				372C286F1602539A005DD8D0 /* Debug */,
				372C28701602539A005DD8D0 /* Release */,
			);
			defaultConfigurationIsVisible = 0;
			defaultConfigurationName = Release;
		};
/* End XCConfigurationList section */
	};
	rootObject = 372C284716025399005DD8D0 /* Project object */;
}
