// !$*UTF8*$!
{
	archiveVersion = 1;
	classes = {
	};
	objectVersion = 46;
	objects = {

/* Begin PBXBuildFile section */
		372C285516025399005DD8D0 /* Cocoa.framework in Frameworks */ = {isa = PBXBuildFile; fileRef = 372C285416025399005DD8D0 /* Cocoa.framework */; };
		372C285F1602539A005DD8D0 /* InfoPlist.strings in Resources */ = {isa = PBXBuildFile; fileRef = 372C285D1602539A005DD8D0 /* InfoPlist.strings */; };
		372C28611602539A005DD8D0 /* main.m in Sources */ = {isa = PBXBuildFile; fileRef = 372C28601602539A005DD8D0 /* main.m */; };
		372C28651602539A005DD8D0 /* Credits.rtf in Resources */ = {isa = PBXBuildFile; fileRef = 372C28631602539A005DD8D0 /* Credits.rtf */; };
		372C28681602539A005DD8D0 /* DFAppDelegate.m in Sources */ = {isa = PBXBuildFile; fileRef = 372C28671602539A005DD8D0 /* DFAppDelegate.m */; };
		372C286B1602539A005DD8D0 /* MainMenu.xib in Resources */ = {isa = PBXBuildFile; fileRef = 372C28691602539A005DD8D0 /* MainMenu.xib */; };
/* End PBXBuildFile section */

/* Begin PBXFileReference section */
		372C285016025399005DD8D0 /* DFSSHWrapper.app */ = {isa = PBXFileReference; explicitFileType = wrapper.application; includeInIndex = 0; path = DFSSHWrapper.app; sourceTree = BUILT_PRODUCTS_DIR; };
		372C285416025399005DD8D0 /* Cocoa.framework */ = {isa = PBXFileReference; lastKnownFileType = wrapper.framework; name = Cocoa.framework; path = System/Library/Frameworks/Cocoa.framework; sourceTree = SDKROOT; };
		372C285716025399005DD8D0 /* AppKit.framework */ = {isa = PBXFileReference; lastKnownFileType = wrapper.framework; name = AppKit.framework; path = System/Library/Frameworks/AppKit.framework; sourceTree = SDKROOT; };
		372C285816025399005DD8D0 /* CoreData.framework */ = {isa = PBXFileReference; lastKnownFileType = wrapper.framework; name = CoreData.framework; path = System/Library/Frameworks/CoreData.framework; sourceTree = SDKROOT; };
		372C285916025399005DD8D0 /* Foundation.framework */ = {isa = PBXFileReference; lastKnownFileType = wrapper.framework; name = Foundation.framework; path = System/Library/Frameworks/Foundation.framework; sourceTree = SDKROOT; };
		372C285C16025399005DD8D0 /* DFSSHWrapper-Info.plist */ = {isa = PBXFileReference; lastKnownFileType = text.plist.xml; path = "DFSSHWrapper-Info.plist"; sourceTree = "<group>"; };
		372C285E1602539A005DD8D0 /* en */ = {isa = PBXFileReference; lastKnownFileType = text.plist.strings; name = en; path = en.lproj/InfoPlist.strings; sourceTree = "<group>"; };
		372C28601602539A005DD8D0 /* main.m */ = {isa = PBXFileReference; lastKnownFileType = sourcecode.c.objc; path = main.m; sourceTree = "<group>"; };
		372C28621602539A005DD8D0 /* DFSSHWrapper-Prefix.pch */ = {isa = PBXFileReference; lastKnownFileType = sourcecode.c.h; path = "DFSSHWrapper-Prefix.pch"; sourceTree = "<group>"; };
		372C28641602539A005DD8D0 /* en */ = {isa = PBXFileReference; lastKnownFileType = text.rtf; name = en; path = en.lproj/Credits.rtf; sourceTree = "<group>"; };
		372C28661602539A005DD8D0 /* DFAppDelegate.h */ = {isa = PBXFileReference; lastKnownFileType = sourcecode.c.h; path = DFAppDelegate.h; sourceTree = "<group>"; };
		372C28671602539A005DD8D0 /* DFAppDelegate.m */ = {isa = PBXFileReference; lastKnownFileType = sourcecode.c.objc; path = DFAppDelegate.m; sourceTree = "<group>"; };
		372C286A1602539A005DD8D0 /* en */ = {isa = PBXFileReference; lastKnownFileType = file.xib; name = en; path = en.lproj/MainMenu.xib; sourceTree = "<group>"; };
/* End PBXFileReference section */

/* Begin PBXFrameworksBuildPhase section */
		372C284D16025399005DD8D0 /* Frameworks */ = {
			isa = PBXFrameworksBuildPhase;
			buildActionMask = 2147483647;
			files = (
				372C285516025399005DD8D0 /* Cocoa.framework in Frameworks */,
			);
			runOnlyForDeploymentPostprocessing = 0;
		};
/* End PBXFrameworksBuildPhase section */

/* Begin PBXGroup section */
		372C284516025399005DD8D0 = {
			isa = PBXGroup;
			children = (
				372C285A16025399005DD8D0 /* DFSSHWrapper */,
				372C285316025399005DD8D0 /* Frameworks */,
				372C285116025399005DD8D0 /* Products */,
			);
			sourceTree = "<group>";
		};
		372C285116025399005DD8D0 /* Products */ = {
			isa = PBXGroup;
			children = (
				372C285016025399005DD8D0 /* DFSSHWrapper.app */,
			);
			name = Products;
			sourceTree = "<group>";
		};
		372C285316025399005DD8D0 /* Frameworks */ = {
			isa = PBXGroup;
			children = (
				372C285416025399005DD8D0 /* Cocoa.framework */,
				372C285616025399005DD8D0 /* Other Frameworks */,
			);
			name = Frameworks;
			sourceTree = "<group>";
		};
		372C285616025399005DD8D0 /* Other Frameworks */ = {
			isa = PBXGroup;
			children = (
				372C285716025399005DD8D0 /* AppKit.framework */,
				372C285816025399005DD8D0 /* CoreData.framework */,
				372C285916025399005DD8D0 /* Foundation.framework */,
			);
			name = "Other Frameworks";
			sourceTree = "<group>";
		};
		372C285A16025399005DD8D0 /* DFSSHWrapper */ = {
			isa = PBXGroup;
			children = (
				372C28661602539A005DD8D0 /* DFAppDelegate.h */,
				372C28671602539A005DD8D0 /* DFAppDelegate.m */,
				372C28691602539A005DD8D0 /* MainMenu.xib */,
				372C285B16025399005DD8D0 /* Supporting Files */,
			);
			path = DFSSHWrapper;
			sourceTree = "<group>";
		};
		372C285B16025399005DD8D0 /* Supporting Files */ = {
			isa = PBXGroup;
			children = (
				372C285C16025399005DD8D0 /* DFSSHWrapper-Info.plist */,
				372C285D1602539A005DD8D0 /* InfoPlist.strings */,
				372C28601602539A005DD8D0 /* main.m */,
				372C28621602539A005DD8D0 /* DFSSHWrapper-Prefix.pch */,
				372C28631602539A005DD8D0 /* Credits.rtf */,
			);
			name = "Supporting Files";
			sourceTree = "<group>";
		};
/* End PBXGroup section */

/* Begin PBXNativeTarget section */
		372C284F16025399005DD8D0 /* DFSSHWrapper */ = {
			isa = PBXNativeTarget;
			buildConfigurationList = 372C286E1602539A005DD8D0 /* Build configuration list for PBXNativeTarget "DFSSHWrapper" */;
			buildPhases = (
				372C284C16025399005DD8D0 /* Sources */,
				372C284D16025399005DD8D0 /* Frameworks */,
				372C284E16025399005DD8D0 /* Resources */,
			);
			buildRules = (
			);
			dependencies = (
			);
			name = DFSSHWrapper;
			productName = DFSSHWrapper;
			productReference = 372C285016025399005DD8D0 /* DFSSHWrapper.app */;
			productType = "com.apple.product-type.application";
		};
/* End PBXNativeTarget section */

/* Begin PBXProject section */
		372C284716025399005DD8D0 /* Project object */ = {
			isa = PBXProject;
			attributes = {
				CLASSPREFIX = DF;
				LastUpgradeCheck = 0440;
				ORGANIZATIONNAME = dan;
			};
			buildConfigurationList = 372C284A16025399005DD8D0 /* Build configuration list for PBXProject "DFSSHWrapper" */;
			compatibilityVersion = "Xcode 3.2";
			developmentRegion = English;
			hasScannedForEncodings = 0;
			knownRegions = (
				en,
			);
			mainGroup = 372C284516025399005DD8D0;
			productRefGroup = 372C285116025399005DD8D0 /* Products */;
			projectDirPath = "";
			projectRoot = "";
			targets = (
				372C284F16025399005DD8D0 /* DFSSHWrapper */,
			);
		};
/* End PBXProject section */

/* Begin PBXResourcesBuildPhase section */
		372C284E16025399005DD8D0 /* Resources */ = {
			isa = PBXResourcesBuildPhase;
			buildActionMask = 2147483647;
			files = (
				372C285F1602539A005DD8D0 /* InfoPlist.strings in Resources */,
				372C28651602539A005DD8D0 /* Credits.rtf in Resources */,
				372C286B1602539A005DD8D0 /* MainMenu.xib in Resources */,
			);
			runOnlyForDeploymentPostprocessing = 0;
		};
/* End PBXResourcesBuildPhase section */

/* Begin PBXSourcesBuildPhase section */
		372C284C16025399005DD8D0 /* Sources */ = {
			isa = PBXSourcesBuildPhase;
			buildActionMask = 2147483647;
			files = (
				372C28611602539A005DD8D0 /* main.m in Sources */,
				372C28681602539A005DD8D0 /* DFAppDelegate.m in Sources */,
			);
			runOnlyForDeploymentPostprocessing = 0;
		};
/* End PBXSourcesBuildPhase section */

/* Begin PBXVariantGroup section */
		372C285D1602539A005DD8D0 /* InfoPlist.strings */ = {
			isa = PBXVariantGroup;
			children = (
				372C285E1602539A005DD8D0 /* en */,
			);
			name = InfoPlist.strings;
			sourceTree = "<group>";
		};
		372C28631602539A005DD8D0 /* Credits.rtf */ = {
			isa = PBXVariantGroup;
			children = (
				372C28641602539A005DD8D0 /* en */,
			);
			name = Credits.rtf;
			sourceTree = "<group>";
		};
		372C28691602539A005DD8D0 /* MainMenu.xib */ = {
			isa = PBXVariantGroup;
			children = (
				372C286A1602539A005DD8D0 /* en */,
			);
			name = MainMenu.xib;
			sourceTree = "<group>";
		};
/* End PBXVariantGroup section */

/* Begin XCBuildConfiguration section */
		372C286C1602539A005DD8D0 /* Debug */ = {
			isa = XCBuildConfiguration;
			buildSettings = {
				ALWAYS_SEARCH_USER_PATHS = NO;
				ARCHS = "$(ARCHS_STANDARD_64_BIT)";
				CLANG_CXX_LANGUAGE_STANDARD = "gnu++0x";
				CLANG_ENABLE_OBJC_ARC = YES;
				CLANG_WARN__DUPLICATE_METHOD_MATCH = YES;
				COPY_PHASE_STRIP = NO;
				GCC_C_LANGUAGE_STANDARD = gnu99;
				GCC_DYNAMIC_NO_PIC = NO;
				GCC_ENABLE_OBJC_EXCEPTIONS = YES;
				GCC_OPTIMIZATION_LEVEL = 0;
				GCC_PREPROCESSOR_DEFINITIONS = (
					"DEBUG=1",
					"$(inherited)",
				);
				GCC_SYMBOLS_PRIVATE_EXTERN = NO;
				GCC_WARN_64_TO_32_BIT_CONVERSION = YES;
				GCC_WARN_ABOUT_RETURN_TYPE = YES;
				GCC_WARN_UNINITIALIZED_AUTOS = YES;
				GCC_WARN_UNUSED_VARIABLE = YES;
				MACOSX_DEPLOYMENT_TARGET = 10.8;
				ONLY_ACTIVE_ARCH = YES;
				SDKROOT = macosx;
			};
			name = Debug;
		};
		372C286D1602539A005DD8D0 /* Release */ = {
			isa = XCBuildConfiguration;
			buildSettings = {
				ALWAYS_SEARCH_USER_PATHS = NO;
				ARCHS = "$(ARCHS_STANDARD_64_BIT)";
				CLANG_CXX_LANGUAGE_STANDARD = "gnu++0x";
				CLANG_ENABLE_OBJC_ARC = YES;
				CLANG_WARN__DUPLICATE_METHOD_MATCH = YES;
				COPY_PHASE_STRIP = YES;
				DEBUG_INFORMATION_FORMAT = "dwarf-with-dsym";
				GCC_C_LANGUAGE_STANDARD = gnu99;
				GCC_ENABLE_OBJC_EXCEPTIONS = YES;
				GCC_WARN_64_TO_32_BIT_CONVERSION = YES;
				GCC_WARN_ABOUT_RETURN_TYPE = YES;
				GCC_WARN_UNINITIALIZED_AUTOS = YES;
				GCC_WARN_UNUSED_VARIABLE = YES;
				MACOSX_DEPLOYMENT_TARGET = 10.8;
				SDKROOT = macosx;
			};
			name = Release;
		};
		372C286F1602539A005DD8D0 /* Debug */ = {
			isa = XCBuildConfiguration;
			buildSettings = {
				COMBINE_HIDPI_IMAGES = YES;
				GCC_PRECOMPILE_PREFIX_HEADER = YES;
				GCC_PREFIX_HEADER = "DFSSHWrapper/DFSSHWrapper-Prefix.pch";
				INFOPLIST_FILE = "DFSSHWrapper/DFSSHWrapper-Info.plist";
				PRODUCT_NAME = "$(TARGET_NAME)";
				WRAPPER_EXTENSION = app;
			};
			name = Debug;
		};
		372C28701602539A005DD8D0 /* Release */ = {
			isa = XCBuildConfiguration;
			buildSettings = {
				COMBINE_HIDPI_IMAGES = YES;
				GCC_PRECOMPILE_PREFIX_HEADER = YES;
				GCC_PREFIX_HEADER = "DFSSHWrapper/DFSSHWrapper-Prefix.pch";
				INFOPLIST_FILE = "DFSSHWrapper/DFSSHWrapper-Info.plist";
				PRODUCT_NAME = "$(TARGET_NAME)";
				WRAPPER_EXTENSION = app;
			};
			name = Release;
		};
/* End XCBuildConfiguration section */

/* Begin XCConfigurationList section */
		372C284A16025399005DD8D0 /* Build configuration list for PBXProject "DFSSHWrapper" */ = {
			isa = XCConfigurationList;
			buildConfigurations = (
				372C286C1602539A005DD8D0 /* Debug */,
				372C286D1602539A005DD8D0 /* Release */,
			);
			defaultConfigurationIsVisible = 0;
			defaultConfigurationName = Release;
		};
		372C286E1602539A005DD8D0 /* Build configuration list for PBXNativeTarget "DFSSHWrapper" */ = {
			isa = XCConfigurationList;
			buildConfigurations = (
				372C286F1602539A005DD8D0 /* Debug */,
				372C28701602539A005DD8D0 /* Release */,
			);
			defaultConfigurationIsVisible = 0;
		};
/* End XCConfigurationList section */
	};
	rootObject = 372C284716025399005DD8D0 /* Project object */;
}
